<?xml version="1.0" encoding="utf-8"?>
<Project ToolsVersion="4.0" xmlns="http://schemas.microsoft.com/developer/msbuild/2003">
  <ItemGroup>
    <Filter Include="源文件">
      <UniqueIdentifier>{4FC737F1-C7A5-4376-A066-2A32D752A2FF}</UniqueIdentifier>
      <Extensions>cpp;c;cc;cxx;def;odl;idl;hpj;bat;asm;asmx</Extensions>
    </Filter>
    <Filter Include="头文件">
      <UniqueIdentifier>{93995380-89BD-4b04-88EB-625FBE52EBFB}</UniqueIdentifier>
      <Extensions>h;hh;hpp;hxx;hm;inl;inc;xsd</Extensions>
    </Filter>
    <Filter Include="资源文件">
      <UniqueIdentifier>{67DA6AB6-F800-4c08-8B7A-83BB121AAD01}</UniqueIdentifier>
      <Extensions>rc;ico;cur;bmp;dlg;rc2;rct;bin;rgs;gif;jpg;jpeg;jpe;resx;tiff;tif;png;wav;mfcribbon-ms</Extensions>
    </Filter>
  </ItemGroup>
  <ItemGroup>
    <ClCompile Include="src\attribute.cpp">
      <Filter>源文件</Filter>
    </ClCompile>
    <ClCompile Include="src\datafield.cpp">
      <Filter>源文件</Filter>
    </ClCompile>
    <ClCompile Include="src\module.cpp">
      <Filter>源文件</Filter>
    </ClCompile>
    <ClCompile Include="src\event.cpp">
      <Filter>源文件</Filter>
    </ClCompile>
    <ClCompile Include="src\object.cpp">
      <Filter>源文件</Filter>
    </ClCompile>
    <ClCompile Include="src\rule.cpp">
      <Filter>源文件</Filter>
    </ClCompile>
    <ClCompile Include="src\eventRule.cpp">
      <Filter>源文件</Filter>
    </ClCompile>
    <ClCompile Include="src\context.cpp">
      <Filter>源文件</Filter>
    </ClCompile>
    <ClCompile Include="src\auth.cpp">
      <Filter>源文件</Filter>
    </ClCompile>
    <ClCompile Include="src\session.cpp">
      <Filter>源文件</Filter>
    </ClCompile>
    <ClCompile Include="src\persistence.cpp">
      <Filter>源文件</Filter>
    </ClCompile>
    <ClCompile Include="src\utils.cpp">
      <Filter>源文件</Filter>
    </ClCompile>
    <ClCompile Include="demo\register.cpp">
      <Filter>源文件</Filter>
    </ClCompile>
    <ClCompile Include="src\transaction.cpp">
      <Filter>源文件</Filter>
    </ClCompile>
    <ClCompile Include="demo\main.cpp">
      <Filter>源文件</Filter>
    </ClCompile>
    <ClCompile Include="demo\Events.cpp">
      <Filter>源文件</Filter>
    </ClCompile>
    <ClCompile Include="src\presentation.cpp">
      <Filter>源文件</Filter>
    </ClCompile>
    <ClCompile Include="src\moduleList.cpp">
      <Filter>源文件</Filter>
    </ClCompile>
  </ItemGroup>
  <ItemGroup>
    <ClInclude Include="demo\Cpp.hpp">
      <Filter>头文件</Filter>
    </ClInclude>
    <ClInclude Include="demo\Entity.h">
      <Filter>头文件</Filter>
    </ClInclude>
    <ClInclude Include="demo\Cpptst.hpp">
      <Filter>头文件</Filter>
    </ClInclude>
    <ClInclude Include="demo\project.h">
      <Filter>头文件</Filter>
    </ClInclude>
    <ClInclude Include="demo\Cppgrp.hpp">
      <Filter>头文件</Filter>
    </ClInclude>
    <ClInclude Include="demo\Events.h">
      <Filter>头文件</Filter>
    </ClInclude>
    <ClInclude Include="include\bd\attribute.h">
      <Filter>头文件</Filter>
    </ClInclude>
    <ClInclude Include="include\bd\auth.h">
      <Filter>头文件</Filter>
    </ClInclude>
    <ClInclude Include="include\bd\be-designer.h">
      <Filter>头文件</Filter>
    </ClInclude>
    <ClInclude Include="include\bd\client.h">
      <Filter>头文件</Filter>
    </ClInclude>
    <ClInclude Include="include\bd\clientManager.h">
      <Filter>头文件</Filter>
    </ClInclude>
    <ClInclude Include="include\bd\context.h">
      <Filter>头文件</Filter>
    </ClInclude>
    <ClInclude Include="include\bd\datafield.h">
      <Filter>头文件</Filter>
    </ClInclude>
    <ClInclude Include="include\bd\event.h">
      <Filter>头文件</Filter>
    </ClInclude>
    <ClInclude Include="include\bd\eventRule.h">
      <Filter>头文件</Filter>
    </ClInclude>
    <ClInclude Include="include\bd\module.h">
      <Filter>头文件</Filter>
    </ClInclude>
    <ClInclude Include="include\bd\moduleList.h">
      <Filter>头文件</Filter>
    </ClInclude>
    <ClInclude Include="include\bd\object.h">
      <Filter>头文件</Filter>
    </ClInclude>
    <ClInclude Include="include\bd\panel.h">
      <Filter>头文件</Filter>
    </ClInclude>
    <ClInclude Include="include\bd\persistence.h">
      <Filter>头文件</Filter>
    </ClInclude>
    <ClInclude Include="include\bd\presentation.h">
      <Filter>头文件</Filter>
    </ClInclude>
    <ClInclude Include="include\bd\register.h">
      <Filter>头文件</Filter>
    </ClInclude>
    <ClInclude Include="include\bd\rule.h">
      <Filter>头文件</Filter>
    </ClInclude>
    <ClInclude Include="include\bd\session.h">
      <Filter>头文件</Filter>
    </ClInclude>
    <ClInclude Include="include\bd\transaction.h">
      <Filter>头文件</Filter>
    </ClInclude>
    <ClInclude Include="include\bd\utils.h">
      <Filter>头文件</Filter>
    </ClInclude>
    <ClInclude Include="demo\CppList.hpp">
      <Filter>头文件</Filter>
    </ClInclude>
    <ClInclude Include="demo\Sysmod.hpp">
      <Filter>头文件</Filter>
    </ClInclude>
    <ClInclude Include="include\bd\logger.hpp">
      <Filter>头文件</Filter>
    </ClInclude>
  </ItemGroup>
  <ItemGroup>
    <None Include="Makefile" />
  </ItemGroup>
</Project>